
Microsoft Visual Studio Solution File, Format Version 12.00
# Visual Studio Version 17
VisualStudioVersion = 17.14.36511.14
MinimumVisualStudioVersion = 10.0.40219.1
Project("{2150E333-8FDC-42A3-9474-1A3956D46DE8}") = "Task0", "Task0", "{02EA681E-C7D8-13C7-8484-4AC65E1B71E8}"
EndProject
Project("{FAE04EC0-301F-11D3-BF4B-00C04F79EFBC}") = "Tyuiu.EgorovAD.Sprint4.Task0.V25", "Tyuiu.EgorovAD.Sprint4.Task0.V25\Tyuiu.EgorovAD.Sprint4.Task0.V25.csproj", "{3114C925-B7FB-4FD4-AE8C-30C25778F7F1}"
EndProject
Project("{FAE04EC0-301F-11D3-BF4B-00C04F79EFBC}") = "Tyuiu.EgorovAD.Sprint4.Task0.V25.Lib", "Tyuiu.EgorovAD.Sprint4.Task0.V25.Lib\Tyuiu.EgorovAD.Sprint4.Task0.V25.Lib.csproj", "{8566523B-2DB4-49B7-9967-1198B738749F}"
EndProject
Project("{FAE04EC0-301F-11D3-BF4B-00C04F79EFBC}") = "Tyuiu.EgorovAD.Sprint4.Task0.V25.Test", "Tyuiu.EgorovAD.Sprint4.Task0.V25.Test\Tyuiu.EgorovAD.Sprint4.Task0.V25.Test.csproj", "{17C184E4-D254-4F06-9FD2-2020FD0D3172}"
EndProject
Project("{2150E333-8FDC-42A3-9474-1A3956D46DE8}") = "Task1", "Task1", "{F84203C8-7EE7-43A9-87E8-0B480F4D895B}"
EndProject
Project("{FAE04EC0-301F-11D3-BF4B-00C04F79EFBC}") = "Tyuiu.EgorovAD.Sprint4.Task1.V7", "Tyuiu.EgorovAD.Sprint4.Task1.V7\Tyuiu.EgorovAD.Sprint4.Task1.V7.csproj", "{4AFE4AB9-5911-4BDD-9B46-8F12C6C78A55}"
EndProject
Project("{FAE04EC0-301F-11D3-BF4B-00C04F79EFBC}") = "Tyuiu.EgorovAD.Sprint4.Task1.V7.Lib", "Tyuiu.EgorovAD.Sprint4.Task1.V7.Lib\Tyuiu.EgorovAD.Sprint4.Task1.V7.Lib.csproj", "{C2A0CB01-3174-49ED-B09E-9F0D341D04B5}"
EndProject
Project("{FAE04EC0-301F-11D3-BF4B-00C04F79EFBC}") = "Tyuiu.EgorovAD.Sprint4.Task1.V7.Test", "Tyuiu.EgorovAD.Sprint4.Task1.V7.Test\Tyuiu.EgorovAD.Sprint4.Task1.V7.Test.csproj", "{8A3B2AEA-A681-48AA-9643-5473467E5B2A}"
EndProject
Project("{2150E333-8FDC-42A3-9474-1A3956D46DE8}") = "Task2", "Task2", "{990F787E-F1DB-46F6-ADE0-388240991D0E}"
EndProject
Project("{FAE04EC0-301F-11D3-BF4B-00C04F79EFBC}") = "Tyuiu.EgorovAD.Sprint4.Task2.V12", "Tyuiu.EgorovAD.Sprint4.Task2.V12\Tyuiu.EgorovAD.Sprint4.Task2.V12.csproj", "{41B3BBF7-D8E8-4893-B396-96AED9B6CA85}"
EndProject
Project("{FAE04EC0-301F-11D3-BF4B-00C04F79EFBC}") = "Tyuiu.EgorovAD.Sprint4.Task2.V12.Lib", "Tyuiu.EgorovAD.Sprint4.Task2.V12.Lib\Tyuiu.EgorovAD.Sprint4.Task2.V12.Lib.csproj", "{314D6C8A-CC5E-45E1-A45D-89DD1F6C345C}"
EndProject
Project("{FAE04EC0-301F-11D3-BF4B-00C04F79EFBC}") = "Tyuiu.EgorovAD.Sprint4.Task2.V12.Test", "Tyuiu.EgorovAD.Sprint4.Task2.V12.Test\Tyuiu.EgorovAD.Sprint4.Task2.V12.Test.csproj", "{79B30557-BBC7-40D6-8356-38D26E3A81A4}"
EndProject
Project("{2150E333-8FDC-42A3-9474-1A3956D46DE8}") = "Task3", "Task3", "{993647CE-48DD-489D-8BEB-CCFF2978C614}"
EndProject
Project("{FAE04EC0-301F-11D3-BF4B-00C04F79EFBC}") = "Tyuiu.EgorovAD.Sprint4.Task3.V11", "Tyuiu.EgorovAD.Sprint4.Task3.V11\Tyuiu.EgorovAD.Sprint4.Task3.V11.csproj", "{3658AD6A-CBBB-409A-BBBD-69F79C06106E}"
EndProject
Project("{FAE04EC0-301F-11D3-BF4B-00C04F79EFBC}") = "Tyuiu.EgorovAD.Sprint4.Task3.V11.Lib", "Tyuiu.EgorovAD.Sprint4.Task3.V11.Lib\Tyuiu.EgorovAD.Sprint4.Task3.V11.Lib.csproj", "{41E81260-39A0-406B-A537-ECCEC1329E52}"
EndProject
Project("{FAE04EC0-301F-11D3-BF4B-00C04F79EFBC}") = "Tyuiu.EgorovAD.Sprint4.Task3.V11.Test", "Tyuiu.EgorovAD.Sprint4.Task3.V11.Test\Tyuiu.EgorovAD.Sprint4.Task3.V11.Test.csproj", "{2C743DD4-81C0-4AD8-9CA3-F74FED08A5F9}"
EndProject
Global
	GlobalSection(SolutionConfigurationPlatforms) = preSolution
		Debug|Any CPU = Debug|Any CPU
		Release|Any CPU = Release|Any CPU
	EndGlobalSection
	GlobalSection(ProjectConfigurationPlatforms) = postSolution
		{3114C925-B7FB-4FD4-AE8C-30C25778F7F1}.Debug|Any CPU.ActiveCfg = Debug|Any CPU
		{3114C925-B7FB-4FD4-AE8C-30C25778F7F1}.Debug|Any CPU.Build.0 = Debug|Any CPU
		{3114C925-B7FB-4FD4-AE8C-30C25778F7F1}.Release|Any CPU.ActiveCfg = Release|Any CPU
		{3114C925-B7FB-4FD4-AE8C-30C25778F7F1}.Release|Any CPU.Build.0 = Release|Any CPU
		{8566523B-2DB4-49B7-9967-1198B738749F}.Debug|Any CPU.ActiveCfg = Debug|Any CPU
		{8566523B-2DB4-49B7-9967-1198B738749F}.Debug|Any CPU.Build.0 = Debug|Any CPU
		{8566523B-2DB4-49B7-9967-1198B738749F}.Release|Any CPU.ActiveCfg = Release|Any CPU
		{8566523B-2DB4-49B7-9967-1198B738749F}.Release|Any CPU.Build.0 = Release|Any CPU
		{17C184E4-D254-4F06-9FD2-2020FD0D3172}.Debug|Any CPU.ActiveCfg = Debug|Any CPU
		{17C184E4-D254-4F06-9FD2-2020FD0D3172}.Debug|Any CPU.Build.0 = Debug|Any CPU
		{17C184E4-D254-4F06-9FD2-2020FD0D3172}.Release|Any CPU.ActiveCfg = Release|Any CPU
		{17C184E4-D254-4F06-9FD2-2020FD0D3172}.Release|Any CPU.Build.0 = Release|Any CPU
		{4AFE4AB9-5911-4BDD-9B46-8F12C6C78A55}.Debug|Any CPU.ActiveCfg = Debug|Any CPU
		{4AFE4AB9-5911-4BDD-9B46-8F12C6C78A55}.Debug|Any CPU.Build.0 = Debug|Any CPU
		{4AFE4AB9-5911-4BDD-9B46-8F12C6C78A55}.Release|Any CPU.ActiveCfg = Release|Any CPU
		{4AFE4AB9-5911-4BDD-9B46-8F12C6C78A55}.Release|Any CPU.Build.0 = Release|Any CPU
		{C2A0CB01-3174-49ED-B09E-9F0D341D04B5}.Debug|Any CPU.ActiveCfg = Debug|Any CPU
		{C2A0CB01-3174-49ED-B09E-9F0D341D04B5}.Debug|Any CPU.Build.0 = Debug|Any CPU
		{C2A0CB01-3174-49ED-B09E-9F0D341D04B5}.Release|Any CPU.ActiveCfg = Release|Any CPU
		{C2A0CB01-3174-49ED-B09E-9F0D341D04B5}.Release|Any CPU.Build.0 = Release|Any CPU
		{8A3B2AEA-A681-48AA-9643-5473467E5B2A}.Debug|Any CPU.ActiveCfg = Debug|Any CPU
		{8A3B2AEA-A681-48AA-9643-5473467E5B2A}.Debug|Any CPU.Build.0 = Debug|Any CPU
		{8A3B2AEA-A681-48AA-9643-5473467E5B2A}.Release|Any CPU.ActiveCfg = Release|Any CPU
		{8A3B2AEA-A681-48AA-9643-5473467E5B2A}.Release|Any CPU.Build.0 = Release|Any CPU
		{41B3BBF7-D8E8-4893-B396-96AED9B6CA85}.Debug|Any CPU.ActiveCfg = Debug|Any CPU
		{41B3BBF7-D8E8-4893-B396-96AED9B6CA85}.Debug|Any CPU.Build.0 = Debug|Any CPU
		{41B3BBF7-D8E8-4893-B396-96AED9B6CA85}.Release|Any CPU.ActiveCfg = Release|Any CPU
		{41B3BBF7-D8E8-4893-B396-96AED9B6CA85}.Release|Any CPU.Build.0 = Release|Any CPU
		{314D6C8A-CC5E-45E1-A45D-89DD1F6C345C}.Debug|Any CPU.ActiveCfg = Debug|Any CPU
		{314D6C8A-CC5E-45E1-A45D-89DD1F6C345C}.Debug|Any CPU.Build.0 = Debug|Any CPU
		{314D6C8A-CC5E-45E1-A45D-89DD1F6C345C}.Release|Any CPU.ActiveCfg = Release|Any CPU
		{314D6C8A-CC5E-45E1-A45D-89DD1F6C345C}.Release|Any CPU.Build.0 = Release|Any CPU
		{79B30557-BBC7-40D6-8356-38D26E3A81A4}.Debug|Any CPU.ActiveCfg = Debug|Any CPU
		{79B30557-BBC7-40D6-8356-38D26E3A81A4}.Debug|Any CPU.Build.0 = Debug|Any CPU
		{79B30557-BBC7-40D6-8356-38D26E3A81A4}.Release|Any CPU.ActiveCfg = Release|Any CPU
		{79B30557-BBC7-40D6-8356-38D26E3A81A4}.Release|Any CPU.Build.0 = Release|Any CPU
		{3658AD6A-CBBB-409A-BBBD-69F79C06106E}.Debug|Any CPU.ActiveCfg = Debug|Any CPU
		{3658AD6A-CBBB-409A-BBBD-69F79C06106E}.Debug|Any CPU.Build.0 = Debug|Any CPU
		{3658AD6A-CBBB-409A-BBBD-69F79C06106E}.Release|Any CPU.ActiveCfg = Release|Any CPU
		{3658AD6A-CBBB-409A-BBBD-69F79C06106E}.Release|Any CPU.Build.0 = Release|Any CPU
		{41E81260-39A0-406B-A537-ECCEC1329E52}.Debug|Any CPU.ActiveCfg = Debug|Any CPU
		{41E81260-39A0-406B-A537-ECCEC1329E52}.Debug|Any CPU.Build.0 = Debug|Any CPU
		{41E81260-39A0-406B-A537-ECCEC1329E52}.Release|Any CPU.ActiveCfg = Release|Any CPU
		{41E81260-39A0-406B-A537-ECCEC1329E52}.Release|Any CPU.Build.0 = Release|Any CPU
		{2C743DD4-81C0-4AD8-9CA3-F74FED08A5F9}.Debug|Any CPU.ActiveCfg = Debug|Any CPU
		{2C743DD4-81C0-4AD8-9CA3-F74FED08A5F9}.Debug|Any CPU.Build.0 = Debug|Any CPU
		{2C743DD4-81C0-4AD8-9CA3-F74FED08A5F9}.Release|Any CPU.ActiveCfg = Release|Any CPU
		{2C743DD4-81C0-4AD8-9CA3-F74FED08A5F9}.Release|Any CPU.Build.0 = Release|Any CPU
	EndGlobalSection
	GlobalSection(SolutionProperties) = preSolution
		HideSolutionNode = FALSE
	EndGlobalSection
	GlobalSection(NestedProjects) = preSolution
		{3114C925-B7FB-4FD4-AE8C-30C25778F7F1} = {02EA681E-C7D8-13C7-8484-4AC65E1B71E8}
		{8566523B-2DB4-49B7-9967-1198B738749F} = {02EA681E-C7D8-13C7-8484-4AC65E1B71E8}
		{17C184E4-D254-4F06-9FD2-2020FD0D3172} = {02EA681E-C7D8-13C7-8484-4AC65E1B71E8}
		{4AFE4AB9-5911-4BDD-9B46-8F12C6C78A55} = {F84203C8-7EE7-43A9-87E8-0B480F4D895B}
		{C2A0CB01-3174-49ED-B09E-9F0D341D04B5} = {F84203C8-7EE7-43A9-87E8-0B480F4D895B}
		{8A3B2AEA-A681-48AA-9643-5473467E5B2A} = {F84203C8-7EE7-43A9-87E8-0B480F4D895B}
		{41B3BBF7-D8E8-4893-B396-96AED9B6CA85} = {990F787E-F1DB-46F6-ADE0-388240991D0E}
		{314D6C8A-CC5E-45E1-A45D-89DD1F6C345C} = {990F787E-F1DB-46F6-ADE0-388240991D0E}
		{79B30557-BBC7-40D6-8356-38D26E3A81A4} = {990F787E-F1DB-46F6-ADE0-388240991D0E}
		{3658AD6A-CBBB-409A-BBBD-69F79C06106E} = {993647CE-48DD-489D-8BEB-CCFF2978C614}
		{41E81260-39A0-406B-A537-ECCEC1329E52} = {993647CE-48DD-489D-8BEB-CCFF2978C614}
		{2C743DD4-81C0-4AD8-9CA3-F74FED08A5F9} = {993647CE-48DD-489D-8BEB-CCFF2978C614}
	EndGlobalSection
	GlobalSection(ExtensibilityGlobals) = postSolution
		SolutionGuid = {9566BF04-35FE-4ACD-9D6B-955F105A6721}
	EndGlobalSection
EndGlobal
